
Microsoft Visual Studio Solution File, Format Version 12.00
# Visual Studio Version 16
VisualStudioVersion = 16.0.31729.503
MinimumVisualStudioVersion = 10.0.40219.1
Project("{FAE04EC0-301F-11D3-BF4B-00C04F79EFBC}") = "Task 1 (Triangle)", "Task 1 (Triangle).csproj", "{15261A06-A309-499C-8CA5-B0271BF03BA8}"
EndProject
Global
	GlobalSection(SolutionConfigurationPlatforms) = preSolution
		Debug|Any CPU = Debug|Any CPU
		Release|Any CPU = Release|Any CPU
	EndGlobalSection
	GlobalSection(ProjectConfigurationPlatforms) = postSolution
		{15261A06-A309-499C-8CA5-B0271BF03BA8}.Debug|Any CPU.ActiveCfg = Debug|Any CPU
		{15261A06-A309-499C-8CA5-B0271BF03BA8}.Debug|Any CPU.Build.0 = Debug|Any CPU
		{15261A06-A309-499C-8CA5-B0271BF03BA8}.Release|Any CPU.ActiveCfg = Release|Any CPU
		{15261A06-A309-499C-8CA5-B0271BF03BA8}.Release|Any CPU.Build.0 = Release|Any CPU
	EndGlobalSection
	GlobalSection(SolutionProperties) = preSolution
		HideSolutionNode = FALSE
	EndGlobalSection
	GlobalSection(ExtensibilityGlobals) = postSolution
		SolutionGuid = {6750B568-CD5D-4F63-BBEA-C09356415E1E}
	EndGlobalSection
EndGlobal
